
Microsoft Visual Studio Solution File, Format Version 12.00
# Visual Studio Version 16
VisualStudioVersion = 16.0.29418.71
MinimumVisualStudioVersion = 10.0.40219.1
Project("{9A19103F-16F7-4668-BE54-9A1E7A4F7556}") = "GrowRoomEnvironment.Web", "Web\GrowRoomEnvironment.Web.csproj", "{E183157B-8B4F-498F-B8B9-DDD0655A3BC0}"
EndProject
Project("{9A19103F-16F7-4668-BE54-9A1E7A4F7556}") = "GrowRoomEnvironment.Core", "Core\GrowRoomEnvironment.Core.csproj", "{18ED0FDD-149B-466B-90DC-0CBC53CA9FA4}"
EndProject
Project("{9A19103F-16F7-4668-BE54-9A1E7A4F7556}") = "GrowRoomEnvironment.DataAccess", "DataAccess\GrowRoomEnvironment.DataAccess.csproj", "{08FF5034-6F82-478D-9843-3195010BF419}"
EndProject
Project("{2150E333-8FDC-42A3-9474-1A3956D46DE8}") = "Solution Items", "Solution Items", "{A96DAE2C-0B70-49BC-BDB0-B4D105E7372F}"
	ProjectSection(SolutionItems) = preProject
		StartAngularServer.ps1 = StartAngularServer.ps1
	EndProjectSection
EndProject
Project("{FAE04EC0-301F-11D3-BF4B-00C04F79EFBC}") = "GrowRoomEnvironment.Client", "Client\GrowRoomEnvironment.Client.csproj", "{46A70DC4-C860-4B58-86F7-04C994318A1C}"
EndProject
Project("{FAE04EC0-301F-11D3-BF4B-00C04F79EFBC}") = "GrowRoomEnvironment.BackgroundService", "BackgroundService\GrowRoomEnvironment.BackgroundService.csproj", "{9FDB43D8-9112-40AF-8E1D-29D4B41B2A9D}"
EndProject
Project("{FAE04EC0-301F-11D3-BF4B-00C04F79EFBC}") = "GrowRoomEnvironment.Monitor", "Monitor\GrowRoomEnvironment.Monitor.csproj", "{691F887C-D28C-4564-A62B-4BC8285DDF63}"
EndProject
Global
	GlobalSection(SolutionConfigurationPlatforms) = preSolution
		Debug|Any CPU = Debug|Any CPU
		Debug|ARM = Debug|ARM
		Debug|ARM64 = Debug|ARM64
		Debug|x64 = Debug|x64
		Debug|x86 = Debug|x86
		RebuildClientDebug|Any CPU = RebuildClientDebug|Any CPU
		RebuildClientDebug|ARM = RebuildClientDebug|ARM
		RebuildClientDebug|ARM64 = RebuildClientDebug|ARM64
		RebuildClientDebug|x64 = RebuildClientDebug|x64
		RebuildClientDebug|x86 = RebuildClientDebug|x86
		RebuildClientRelease|Any CPU = RebuildClientRelease|Any CPU
		RebuildClientRelease|ARM = RebuildClientRelease|ARM
		RebuildClientRelease|ARM64 = RebuildClientRelease|ARM64
		RebuildClientRelease|x64 = RebuildClientRelease|x64
		RebuildClientRelease|x86 = RebuildClientRelease|x86
		Release|Any CPU = Release|Any CPU
		Release|ARM = Release|ARM
		Release|ARM64 = Release|ARM64
		Release|x64 = Release|x64
		Release|x86 = Release|x86
	EndGlobalSection
	GlobalSection(ProjectConfigurationPlatforms) = postSolution
		{E183157B-8B4F-498F-B8B9-DDD0655A3BC0}.Debug|Any CPU.ActiveCfg = Debug|Any CPU
		{E183157B-8B4F-498F-B8B9-DDD0655A3BC0}.Debug|Any CPU.Build.0 = Debug|Any CPU
		{E183157B-8B4F-498F-B8B9-DDD0655A3BC0}.Debug|ARM.ActiveCfg = Debug|Any CPU
		{E183157B-8B4F-498F-B8B9-DDD0655A3BC0}.Debug|ARM.Build.0 = Debug|Any CPU
		{E183157B-8B4F-498F-B8B9-DDD0655A3BC0}.Debug|ARM64.ActiveCfg = Debug|Any CPU
		{E183157B-8B4F-498F-B8B9-DDD0655A3BC0}.Debug|ARM64.Build.0 = Debug|Any CPU
		{E183157B-8B4F-498F-B8B9-DDD0655A3BC0}.Debug|x64.ActiveCfg = Debug|Any CPU
		{E183157B-8B4F-498F-B8B9-DDD0655A3BC0}.Debug|x64.Build.0 = Debug|Any CPU
		{E183157B-8B4F-498F-B8B9-DDD0655A3BC0}.Debug|x86.ActiveCfg = Debug|Any CPU
		{E183157B-8B4F-498F-B8B9-DDD0655A3BC0}.Debug|x86.Build.0 = Debug|Any CPU
		{E183157B-8B4F-498F-B8B9-DDD0655A3BC0}.RebuildClientDebug|Any CPU.ActiveCfg = RebuildClientDebug|Any CPU
		{E183157B-8B4F-498F-B8B9-DDD0655A3BC0}.RebuildClientDebug|Any CPU.Build.0 = RebuildClientDebug|Any CPU
		{E183157B-8B4F-498F-B8B9-DDD0655A3BC0}.RebuildClientDebug|ARM.ActiveCfg = RebuildClientDebug|Any CPU
		{E183157B-8B4F-498F-B8B9-DDD0655A3BC0}.RebuildClientDebug|ARM.Build.0 = RebuildClientDebug|Any CPU
		{E183157B-8B4F-498F-B8B9-DDD0655A3BC0}.RebuildClientDebug|ARM64.ActiveCfg = RebuildClientDebug|Any CPU
		{E183157B-8B4F-498F-B8B9-DDD0655A3BC0}.RebuildClientDebug|ARM64.Build.0 = RebuildClientDebug|Any CPU
		{E183157B-8B4F-498F-B8B9-DDD0655A3BC0}.RebuildClientDebug|x64.ActiveCfg = RebuildClientDebug|Any CPU
		{E183157B-8B4F-498F-B8B9-DDD0655A3BC0}.RebuildClientDebug|x64.Build.0 = RebuildClientDebug|Any CPU
		{E183157B-8B4F-498F-B8B9-DDD0655A3BC0}.RebuildClientDebug|x86.ActiveCfg = RebuildClientDebug|Any CPU
		{E183157B-8B4F-498F-B8B9-DDD0655A3BC0}.RebuildClientDebug|x86.Build.0 = RebuildClientDebug|Any CPU
		{E183157B-8B4F-498F-B8B9-DDD0655A3BC0}.RebuildClientRelease|Any CPU.ActiveCfg = RebuildClientRelease|Any CPU
		{E183157B-8B4F-498F-B8B9-DDD0655A3BC0}.RebuildClientRelease|Any CPU.Build.0 = RebuildClientRelease|Any CPU
		{E183157B-8B4F-498F-B8B9-DDD0655A3BC0}.RebuildClientRelease|ARM.ActiveCfg = RebuildClientRelease|Any CPU
		{E183157B-8B4F-498F-B8B9-DDD0655A3BC0}.RebuildClientRelease|ARM.Build.0 = RebuildClientRelease|Any CPU
		{E183157B-8B4F-498F-B8B9-DDD0655A3BC0}.RebuildClientRelease|ARM64.ActiveCfg = RebuildClientRelease|Any CPU
		{E183157B-8B4F-498F-B8B9-DDD0655A3BC0}.RebuildClientRelease|ARM64.Build.0 = RebuildClientRelease|Any CPU
		{E183157B-8B4F-498F-B8B9-DDD0655A3BC0}.RebuildClientRelease|x64.ActiveCfg = RebuildClientRelease|Any CPU
		{E183157B-8B4F-498F-B8B9-DDD0655A3BC0}.RebuildClientRelease|x64.Build.0 = RebuildClientRelease|Any CPU
		{E183157B-8B4F-498F-B8B9-DDD0655A3BC0}.RebuildClientRelease|x86.ActiveCfg = RebuildClientRelease|Any CPU
		{E183157B-8B4F-498F-B8B9-DDD0655A3BC0}.RebuildClientRelease|x86.Build.0 = RebuildClientRelease|Any CPU
		{E183157B-8B4F-498F-B8B9-DDD0655A3BC0}.Release|Any CPU.ActiveCfg = Release|Any CPU
		{E183157B-8B4F-498F-B8B9-DDD0655A3BC0}.Release|Any CPU.Build.0 = Release|Any CPU
		{E183157B-8B4F-498F-B8B9-DDD0655A3BC0}.Release|ARM.ActiveCfg = Release|Any CPU
		{E183157B-8B4F-498F-B8B9-DDD0655A3BC0}.Release|ARM.Build.0 = Release|Any CPU
		{E183157B-8B4F-498F-B8B9-DDD0655A3BC0}.Release|ARM64.ActiveCfg = Release|Any CPU
		{E183157B-8B4F-498F-B8B9-DDD0655A3BC0}.Release|ARM64.Build.0 = Release|Any CPU
		{E183157B-8B4F-498F-B8B9-DDD0655A3BC0}.Release|x64.ActiveCfg = Release|Any CPU
		{E183157B-8B4F-498F-B8B9-DDD0655A3BC0}.Release|x64.Build.0 = Release|Any CPU
		{E183157B-8B4F-498F-B8B9-DDD0655A3BC0}.Release|x86.ActiveCfg = Release|Any CPU
		{E183157B-8B4F-498F-B8B9-DDD0655A3BC0}.Release|x86.Build.0 = Release|Any CPU
		{18ED0FDD-149B-466B-90DC-0CBC53CA9FA4}.Debug|Any CPU.ActiveCfg = Debug|Any CPU
		{18ED0FDD-149B-466B-90DC-0CBC53CA9FA4}.Debug|Any CPU.Build.0 = Debug|Any CPU
		{18ED0FDD-149B-466B-90DC-0CBC53CA9FA4}.Debug|ARM.ActiveCfg = Debug|Any CPU
		{18ED0FDD-149B-466B-90DC-0CBC53CA9FA4}.Debug|ARM.Build.0 = Debug|Any CPU
		{18ED0FDD-149B-466B-90DC-0CBC53CA9FA4}.Debug|ARM64.ActiveCfg = Debug|Any CPU
		{18ED0FDD-149B-466B-90DC-0CBC53CA9FA4}.Debug|ARM64.Build.0 = Debug|Any CPU
		{18ED0FDD-149B-466B-90DC-0CBC53CA9FA4}.Debug|x64.ActiveCfg = Debug|Any CPU
		{18ED0FDD-149B-466B-90DC-0CBC53CA9FA4}.Debug|x64.Build.0 = Debug|Any CPU
		{18ED0FDD-149B-466B-90DC-0CBC53CA9FA4}.Debug|x86.ActiveCfg = Debug|Any CPU
		{18ED0FDD-149B-466B-90DC-0CBC53CA9FA4}.Debug|x86.Build.0 = Debug|Any CPU
		{18ED0FDD-149B-466B-90DC-0CBC53CA9FA4}.RebuildClientDebug|Any CPU.ActiveCfg = RebuildClientDebug|Any CPU
		{18ED0FDD-149B-466B-90DC-0CBC53CA9FA4}.RebuildClientDebug|Any CPU.Build.0 = RebuildClientDebug|Any CPU
		{18ED0FDD-149B-466B-90DC-0CBC53CA9FA4}.RebuildClientDebug|ARM.ActiveCfg = RebuildClientDebug|Any CPU
		{18ED0FDD-149B-466B-90DC-0CBC53CA9FA4}.RebuildClientDebug|ARM.Build.0 = RebuildClientDebug|Any CPU
		{18ED0FDD-149B-466B-90DC-0CBC53CA9FA4}.RebuildClientDebug|ARM64.ActiveCfg = RebuildClientDebug|Any CPU
		{18ED0FDD-149B-466B-90DC-0CBC53CA9FA4}.RebuildClientDebug|ARM64.Build.0 = RebuildClientDebug|Any CPU
		{18ED0FDD-149B-466B-90DC-0CBC53CA9FA4}.RebuildClientDebug|x64.ActiveCfg = RebuildClientDebug|Any CPU
		{18ED0FDD-149B-466B-90DC-0CBC53CA9FA4}.RebuildClientDebug|x64.Build.0 = RebuildClientDebug|Any CPU
		{18ED0FDD-149B-466B-90DC-0CBC53CA9FA4}.RebuildClientDebug|x86.ActiveCfg = RebuildClientDebug|Any CPU
		{18ED0FDD-149B-466B-90DC-0CBC53CA9FA4}.RebuildClientDebug|x86.Build.0 = RebuildClientDebug|Any CPU
		{18ED0FDD-149B-466B-90DC-0CBC53CA9FA4}.RebuildClientRelease|Any CPU.ActiveCfg = RebuildClientRelease|Any CPU
		{18ED0FDD-149B-466B-90DC-0CBC53CA9FA4}.RebuildClientRelease|Any CPU.Build.0 = RebuildClientRelease|Any CPU
		{18ED0FDD-149B-466B-90DC-0CBC53CA9FA4}.RebuildClientRelease|ARM.ActiveCfg = RebuildClientRelease|Any CPU
		{18ED0FDD-149B-466B-90DC-0CBC53CA9FA4}.RebuildClientRelease|ARM.Build.0 = RebuildClientRelease|Any CPU
		{18ED0FDD-149B-466B-90DC-0CBC53CA9FA4}.RebuildClientRelease|ARM64.ActiveCfg = RebuildClientRelease|Any CPU
		{18ED0FDD-149B-466B-90DC-0CBC53CA9FA4}.RebuildClientRelease|ARM64.Build.0 = RebuildClientRelease|Any CPU
		{18ED0FDD-149B-466B-90DC-0CBC53CA9FA4}.RebuildClientRelease|x64.ActiveCfg = RebuildClientRelease|Any CPU
		{18ED0FDD-149B-466B-90DC-0CBC53CA9FA4}.RebuildClientRelease|x64.Build.0 = RebuildClientRelease|Any CPU
		{18ED0FDD-149B-466B-90DC-0CBC53CA9FA4}.RebuildClientRelease|x86.ActiveCfg = RebuildClientRelease|Any CPU
		{18ED0FDD-149B-466B-90DC-0CBC53CA9FA4}.RebuildClientRelease|x86.Build.0 = RebuildClientRelease|Any CPU
		{18ED0FDD-149B-466B-90DC-0CBC53CA9FA4}.Release|Any CPU.ActiveCfg = Release|Any CPU
		{18ED0FDD-149B-466B-90DC-0CBC53CA9FA4}.Release|Any CPU.Build.0 = Release|Any CPU
		{18ED0FDD-149B-466B-90DC-0CBC53CA9FA4}.Release|ARM.ActiveCfg = Release|Any CPU
		{18ED0FDD-149B-466B-90DC-0CBC53CA9FA4}.Release|ARM.Build.0 = Release|Any CPU
		{18ED0FDD-149B-466B-90DC-0CBC53CA9FA4}.Release|ARM64.ActiveCfg = Release|Any CPU
		{18ED0FDD-149B-466B-90DC-0CBC53CA9FA4}.Release|ARM64.Build.0 = Release|Any CPU
		{18ED0FDD-149B-466B-90DC-0CBC53CA9FA4}.Release|x64.ActiveCfg = Release|Any CPU
		{18ED0FDD-149B-466B-90DC-0CBC53CA9FA4}.Release|x64.Build.0 = Release|Any CPU
		{18ED0FDD-149B-466B-90DC-0CBC53CA9FA4}.Release|x86.ActiveCfg = Release|Any CPU
		{18ED0FDD-149B-466B-90DC-0CBC53CA9FA4}.Release|x86.Build.0 = Release|Any CPU
		{08FF5034-6F82-478D-9843-3195010BF419}.Debug|Any CPU.ActiveCfg = Debug|Any CPU
		{08FF5034-6F82-478D-9843-3195010BF419}.Debug|Any CPU.Build.0 = Debug|Any CPU
		{08FF5034-6F82-478D-9843-3195010BF419}.Debug|ARM.ActiveCfg = Debug|Any CPU
		{08FF5034-6F82-478D-9843-3195010BF419}.Debug|ARM.Build.0 = Debug|Any CPU
		{08FF5034-6F82-478D-9843-3195010BF419}.Debug|ARM64.ActiveCfg = Debug|Any CPU
		{08FF5034-6F82-478D-9843-3195010BF419}.Debug|ARM64.Build.0 = Debug|Any CPU
		{08FF5034-6F82-478D-9843-3195010BF419}.Debug|x64.ActiveCfg = Debug|Any CPU
		{08FF5034-6F82-478D-9843-3195010BF419}.Debug|x64.Build.0 = Debug|Any CPU
		{08FF5034-6F82-478D-9843-3195010BF419}.Debug|x86.ActiveCfg = Debug|Any CPU
		{08FF5034-6F82-478D-9843-3195010BF419}.Debug|x86.Build.0 = Debug|Any CPU
		{08FF5034-6F82-478D-9843-3195010BF419}.RebuildClientDebug|Any CPU.ActiveCfg = RebuildClientDebug|Any CPU
		{08FF5034-6F82-478D-9843-3195010BF419}.RebuildClientDebug|Any CPU.Build.0 = RebuildClientDebug|Any CPU
		{08FF5034-6F82-478D-9843-3195010BF419}.RebuildClientDebug|ARM.ActiveCfg = RebuildClientDebug|Any CPU
		{08FF5034-6F82-478D-9843-3195010BF419}.RebuildClientDebug|ARM.Build.0 = RebuildClientDebug|Any CPU
		{08FF5034-6F82-478D-9843-3195010BF419}.RebuildClientDebug|ARM64.ActiveCfg = RebuildClientDebug|Any CPU
		{08FF5034-6F82-478D-9843-3195010BF419}.RebuildClientDebug|ARM64.Build.0 = RebuildClientDebug|Any CPU
		{08FF5034-6F82-478D-9843-3195010BF419}.RebuildClientDebug|x64.ActiveCfg = RebuildClientDebug|Any CPU
		{08FF5034-6F82-478D-9843-3195010BF419}.RebuildClientDebug|x64.Build.0 = RebuildClientDebug|Any CPU
		{08FF5034-6F82-478D-9843-3195010BF419}.RebuildClientDebug|x86.ActiveCfg = RebuildClientDebug|Any CPU
		{08FF5034-6F82-478D-9843-3195010BF419}.RebuildClientDebug|x86.Build.0 = RebuildClientDebug|Any CPU
		{08FF5034-6F82-478D-9843-3195010BF419}.RebuildClientRelease|Any CPU.ActiveCfg = RebuildClientRelease|Any CPU
		{08FF5034-6F82-478D-9843-3195010BF419}.RebuildClientRelease|Any CPU.Build.0 = RebuildClientRelease|Any CPU
		{08FF5034-6F82-478D-9843-3195010BF419}.RebuildClientRelease|ARM.ActiveCfg = RebuildClientRelease|Any CPU
		{08FF5034-6F82-478D-9843-3195010BF419}.RebuildClientRelease|ARM.Build.0 = RebuildClientRelease|Any CPU
		{08FF5034-6F82-478D-9843-3195010BF419}.RebuildClientRelease|ARM64.ActiveCfg = RebuildClientRelease|Any CPU
		{08FF5034-6F82-478D-9843-3195010BF419}.RebuildClientRelease|ARM64.Build.0 = RebuildClientRelease|Any CPU
		{08FF5034-6F82-478D-9843-3195010BF419}.RebuildClientRelease|x64.ActiveCfg = RebuildClientRelease|Any CPU
		{08FF5034-6F82-478D-9843-3195010BF419}.RebuildClientRelease|x64.Build.0 = RebuildClientRelease|Any CPU
		{08FF5034-6F82-478D-9843-3195010BF419}.RebuildClientRelease|x86.ActiveCfg = RebuildClientRelease|Any CPU
		{08FF5034-6F82-478D-9843-3195010BF419}.RebuildClientRelease|x86.Build.0 = RebuildClientRelease|Any CPU
		{08FF5034-6F82-478D-9843-3195010BF419}.Release|Any CPU.ActiveCfg = Release|Any CPU
		{08FF5034-6F82-478D-9843-3195010BF419}.Release|Any CPU.Build.0 = Release|Any CPU
		{08FF5034-6F82-478D-9843-3195010BF419}.Release|ARM.ActiveCfg = Release|Any CPU
		{08FF5034-6F82-478D-9843-3195010BF419}.Release|ARM.Build.0 = Release|Any CPU
		{08FF5034-6F82-478D-9843-3195010BF419}.Release|ARM64.ActiveCfg = Release|Any CPU
		{08FF5034-6F82-478D-9843-3195010BF419}.Release|ARM64.Build.0 = Release|Any CPU
		{08FF5034-6F82-478D-9843-3195010BF419}.Release|x64.ActiveCfg = Release|Any CPU
		{08FF5034-6F82-478D-9843-3195010BF419}.Release|x64.Build.0 = Release|Any CPU
		{08FF5034-6F82-478D-9843-3195010BF419}.Release|x86.ActiveCfg = Release|Any CPU
		{08FF5034-6F82-478D-9843-3195010BF419}.Release|x86.Build.0 = Release|Any CPU
		{46A70DC4-C860-4B58-86F7-04C994318A1C}.Debug|Any CPU.ActiveCfg = Debug|Any CPU
		{46A70DC4-C860-4B58-86F7-04C994318A1C}.Debug|Any CPU.Build.0 = Debug|Any CPU
		{46A70DC4-C860-4B58-86F7-04C994318A1C}.Debug|ARM.ActiveCfg = Debug|ARM
		{46A70DC4-C860-4B58-86F7-04C994318A1C}.Debug|ARM.Build.0 = Debug|ARM
		{46A70DC4-C860-4B58-86F7-04C994318A1C}.Debug|ARM64.ActiveCfg = Debug|ARM64
		{46A70DC4-C860-4B58-86F7-04C994318A1C}.Debug|ARM64.Build.0 = Debug|ARM64
		{46A70DC4-C860-4B58-86F7-04C994318A1C}.Debug|x64.ActiveCfg = Debug|x64
		{46A70DC4-C860-4B58-86F7-04C994318A1C}.Debug|x64.Build.0 = Debug|x64
		{46A70DC4-C860-4B58-86F7-04C994318A1C}.Debug|x86.ActiveCfg = Debug|x86
		{46A70DC4-C860-4B58-86F7-04C994318A1C}.Debug|x86.Build.0 = Debug|x86
		{46A70DC4-C860-4B58-86F7-04C994318A1C}.RebuildClientDebug|Any CPU.ActiveCfg = Debug|Any CPU
		{46A70DC4-C860-4B58-86F7-04C994318A1C}.RebuildClientDebug|Any CPU.Build.0 = Debug|Any CPU
		{46A70DC4-C860-4B58-86F7-04C994318A1C}.RebuildClientDebug|ARM.ActiveCfg = Debug|ARM
		{46A70DC4-C860-4B58-86F7-04C994318A1C}.RebuildClientDebug|ARM.Build.0 = Debug|ARM
		{46A70DC4-C860-4B58-86F7-04C994318A1C}.RebuildClientDebug|ARM64.ActiveCfg = Debug|ARM64
		{46A70DC4-C860-4B58-86F7-04C994318A1C}.RebuildClientDebug|ARM64.Build.0 = Debug|ARM64
		{46A70DC4-C860-4B58-86F7-04C994318A1C}.RebuildClientDebug|x64.ActiveCfg = Debug|x64
		{46A70DC4-C860-4B58-86F7-04C994318A1C}.RebuildClientDebug|x64.Build.0 = Debug|x64
		{46A70DC4-C860-4B58-86F7-04C994318A1C}.RebuildClientDebug|x86.ActiveCfg = Debug|x86
		{46A70DC4-C860-4B58-86F7-04C994318A1C}.RebuildClientDebug|x86.Build.0 = Debug|x86
		{46A70DC4-C860-4B58-86F7-04C994318A1C}.RebuildClientRelease|Any CPU.ActiveCfg = Release|Any CPU
		{46A70DC4-C860-4B58-86F7-04C994318A1C}.RebuildClientRelease|Any CPU.Build.0 = Release|Any CPU
		{46A70DC4-C860-4B58-86F7-04C994318A1C}.RebuildClientRelease|ARM.ActiveCfg = Release|ARM
		{46A70DC4-C860-4B58-86F7-04C994318A1C}.RebuildClientRelease|ARM.Build.0 = Release|ARM
		{46A70DC4-C860-4B58-86F7-04C994318A1C}.RebuildClientRelease|ARM64.ActiveCfg = Release|ARM64
		{46A70DC4-C860-4B58-86F7-04C994318A1C}.RebuildClientRelease|ARM64.Build.0 = Release|ARM64
		{46A70DC4-C860-4B58-86F7-04C994318A1C}.RebuildClientRelease|x64.ActiveCfg = Release|x64
		{46A70DC4-C860-4B58-86F7-04C994318A1C}.RebuildClientRelease|x64.Build.0 = Release|x64
		{46A70DC4-C860-4B58-86F7-04C994318A1C}.RebuildClientRelease|x86.ActiveCfg = Release|x86
		{46A70DC4-C860-4B58-86F7-04C994318A1C}.RebuildClientRelease|x86.Build.0 = Release|x86
		{46A70DC4-C860-4B58-86F7-04C994318A1C}.Release|Any CPU.ActiveCfg = Release|Any CPU
		{46A70DC4-C860-4B58-86F7-04C994318A1C}.Release|Any CPU.Build.0 = Release|Any CPU
		{46A70DC4-C860-4B58-86F7-04C994318A1C}.Release|ARM.ActiveCfg = Release|ARM
		{46A70DC4-C860-4B58-86F7-04C994318A1C}.Release|ARM.Build.0 = Release|ARM
		{46A70DC4-C860-4B58-86F7-04C994318A1C}.Release|ARM64.ActiveCfg = Release|ARM64
		{46A70DC4-C860-4B58-86F7-04C994318A1C}.Release|ARM64.Build.0 = Release|ARM64
		{46A70DC4-C860-4B58-86F7-04C994318A1C}.Release|x64.ActiveCfg = Release|x64
		{46A70DC4-C860-4B58-86F7-04C994318A1C}.Release|x64.Build.0 = Release|x64
		{46A70DC4-C860-4B58-86F7-04C994318A1C}.Release|x86.ActiveCfg = Release|x86
		{46A70DC4-C860-4B58-86F7-04C994318A1C}.Release|x86.Build.0 = Release|x86
		{9FDB43D8-9112-40AF-8E1D-29D4B41B2A9D}.Debug|Any CPU.ActiveCfg = Debug|Any CPU
		{9FDB43D8-9112-40AF-8E1D-29D4B41B2A9D}.Debug|Any CPU.Build.0 = Debug|Any CPU
		{9FDB43D8-9112-40AF-8E1D-29D4B41B2A9D}.Debug|ARM.ActiveCfg = Debug|ARM
		{9FDB43D8-9112-40AF-8E1D-29D4B41B2A9D}.Debug|ARM.Build.0 = Debug|ARM
		{9FDB43D8-9112-40AF-8E1D-29D4B41B2A9D}.Debug|ARM64.ActiveCfg = Debug|ARM64
		{9FDB43D8-9112-40AF-8E1D-29D4B41B2A9D}.Debug|ARM64.Build.0 = Debug|ARM64
		{9FDB43D8-9112-40AF-8E1D-29D4B41B2A9D}.Debug|x64.ActiveCfg = Debug|x64
		{9FDB43D8-9112-40AF-8E1D-29D4B41B2A9D}.Debug|x64.Build.0 = Debug|x64
		{9FDB43D8-9112-40AF-8E1D-29D4B41B2A9D}.Debug|x86.ActiveCfg = Debug|x86
		{9FDB43D8-9112-40AF-8E1D-29D4B41B2A9D}.Debug|x86.Build.0 = Debug|x86
		{9FDB43D8-9112-40AF-8E1D-29D4B41B2A9D}.RebuildClientDebug|Any CPU.ActiveCfg = Debug|Any CPU
		{9FDB43D8-9112-40AF-8E1D-29D4B41B2A9D}.RebuildClientDebug|Any CPU.Build.0 = Debug|Any CPU
		{9FDB43D8-9112-40AF-8E1D-29D4B41B2A9D}.RebuildClientDebug|ARM.ActiveCfg = Debug|ARM
		{9FDB43D8-9112-40AF-8E1D-29D4B41B2A9D}.RebuildClientDebug|ARM.Build.0 = Debug|ARM
		{9FDB43D8-9112-40AF-8E1D-29D4B41B2A9D}.RebuildClientDebug|ARM64.ActiveCfg = Debug|ARM64
		{9FDB43D8-9112-40AF-8E1D-29D4B41B2A9D}.RebuildClientDebug|ARM64.Build.0 = Debug|ARM64
		{9FDB43D8-9112-40AF-8E1D-29D4B41B2A9D}.RebuildClientDebug|x64.ActiveCfg = Debug|x64
		{9FDB43D8-9112-40AF-8E1D-29D4B41B2A9D}.RebuildClientDebug|x64.Build.0 = Debug|x64
		{9FDB43D8-9112-40AF-8E1D-29D4B41B2A9D}.RebuildClientDebug|x86.ActiveCfg = Debug|x86
		{9FDB43D8-9112-40AF-8E1D-29D4B41B2A9D}.RebuildClientDebug|x86.Build.0 = Debug|x86
		{9FDB43D8-9112-40AF-8E1D-29D4B41B2A9D}.RebuildClientRelease|Any CPU.ActiveCfg = Release|Any CPU
		{9FDB43D8-9112-40AF-8E1D-29D4B41B2A9D}.RebuildClientRelease|Any CPU.Build.0 = Release|Any CPU
		{9FDB43D8-9112-40AF-8E1D-29D4B41B2A9D}.RebuildClientRelease|ARM.ActiveCfg = Release|ARM
		{9FDB43D8-9112-40AF-8E1D-29D4B41B2A9D}.RebuildClientRelease|ARM.Build.0 = Release|ARM
		{9FDB43D8-9112-40AF-8E1D-29D4B41B2A9D}.RebuildClientRelease|ARM64.ActiveCfg = Release|ARM64
		{9FDB43D8-9112-40AF-8E1D-29D4B41B2A9D}.RebuildClientRelease|ARM64.Build.0 = Release|ARM64
		{9FDB43D8-9112-40AF-8E1D-29D4B41B2A9D}.RebuildClientRelease|x64.ActiveCfg = Release|x64
		{9FDB43D8-9112-40AF-8E1D-29D4B41B2A9D}.RebuildClientRelease|x64.Build.0 = Release|x64
		{9FDB43D8-9112-40AF-8E1D-29D4B41B2A9D}.RebuildClientRelease|x86.ActiveCfg = Release|x86
		{9FDB43D8-9112-40AF-8E1D-29D4B41B2A9D}.RebuildClientRelease|x86.Build.0 = Release|x86
		{9FDB43D8-9112-40AF-8E1D-29D4B41B2A9D}.Release|Any CPU.ActiveCfg = Release|Any CPU
		{9FDB43D8-9112-40AF-8E1D-29D4B41B2A9D}.Release|Any CPU.Build.0 = Release|Any CPU
		{9FDB43D8-9112-40AF-8E1D-29D4B41B2A9D}.Release|ARM.ActiveCfg = Release|ARM
		{9FDB43D8-9112-40AF-8E1D-29D4B41B2A9D}.Release|ARM.Build.0 = Release|ARM
		{9FDB43D8-9112-40AF-8E1D-29D4B41B2A9D}.Release|ARM64.ActiveCfg = Release|ARM64
		{9FDB43D8-9112-40AF-8E1D-29D4B41B2A9D}.Release|ARM64.Build.0 = Release|ARM64
		{9FDB43D8-9112-40AF-8E1D-29D4B41B2A9D}.Release|x64.ActiveCfg = Release|x64
		{9FDB43D8-9112-40AF-8E1D-29D4B41B2A9D}.Release|x64.Build.0 = Release|x64
		{9FDB43D8-9112-40AF-8E1D-29D4B41B2A9D}.Release|x86.ActiveCfg = Release|x86
		{9FDB43D8-9112-40AF-8E1D-29D4B41B2A9D}.Release|x86.Build.0 = Release|x86
		{691F887C-D28C-4564-A62B-4BC8285DDF63}.Debug|Any CPU.ActiveCfg = Debug|x86
		{691F887C-D28C-4564-A62B-4BC8285DDF63}.Debug|ARM.ActiveCfg = Debug|ARM
		{691F887C-D28C-4564-A62B-4BC8285DDF63}.Debug|ARM.Build.0 = Debug|ARM
		{691F887C-D28C-4564-A62B-4BC8285DDF63}.Debug|ARM.Deploy.0 = Debug|ARM
		{691F887C-D28C-4564-A62B-4BC8285DDF63}.Debug|ARM64.ActiveCfg = Debug|ARM64
		{691F887C-D28C-4564-A62B-4BC8285DDF63}.Debug|ARM64.Build.0 = Debug|ARM64
		{691F887C-D28C-4564-A62B-4BC8285DDF63}.Debug|ARM64.Deploy.0 = Debug|ARM64
		{691F887C-D28C-4564-A62B-4BC8285DDF63}.Debug|x64.ActiveCfg = Debug|x64
		{691F887C-D28C-4564-A62B-4BC8285DDF63}.Debug|x64.Build.0 = Debug|x64
		{691F887C-D28C-4564-A62B-4BC8285DDF63}.Debug|x64.Deploy.0 = Debug|x64
		{691F887C-D28C-4564-A62B-4BC8285DDF63}.Debug|x86.ActiveCfg = Debug|x86
		{691F887C-D28C-4564-A62B-4BC8285DDF63}.Debug|x86.Build.0 = Debug|x86
		{691F887C-D28C-4564-A62B-4BC8285DDF63}.Debug|x86.Deploy.0 = Debug|x86
		{691F887C-D28C-4564-A62B-4BC8285DDF63}.RebuildClientDebug|Any CPU.ActiveCfg = Release|x64
		{691F887C-D28C-4564-A62B-4BC8285DDF63}.RebuildClientDebug|Any CPU.Build.0 = Release|x64
		{691F887C-D28C-4564-A62B-4BC8285DDF63}.RebuildClientDebug|Any CPU.Deploy.0 = Release|x64
		{691F887C-D28C-4564-A62B-4BC8285DDF63}.RebuildClientDebug|ARM.ActiveCfg = Debug|ARM
		{691F887C-D28C-4564-A62B-4BC8285DDF63}.RebuildClientDebug|ARM.Build.0 = Debug|ARM
		{691F887C-D28C-4564-A62B-4BC8285DDF63}.RebuildClientDebug|ARM.Deploy.0 = Debug|ARM
		{691F887C-D28C-4564-A62B-4BC8285DDF63}.RebuildClientDebug|ARM64.ActiveCfg = Debug|ARM64
		{691F887C-D28C-4564-A62B-4BC8285DDF63}.RebuildClientDebug|ARM64.Build.0 = Debug|ARM64
		{691F887C-D28C-4564-A62B-4BC8285DDF63}.RebuildClientDebug|ARM64.Deploy.0 = Debug|ARM64
		{691F887C-D28C-4564-A62B-4BC8285DDF63}.RebuildClientDebug|x64.ActiveCfg = Debug|x64
		{691F887C-D28C-4564-A62B-4BC8285DDF63}.RebuildClientDebug|x64.Build.0 = Debug|x64
		{691F887C-D28C-4564-A62B-4BC8285DDF63}.RebuildClientDebug|x64.Deploy.0 = Debug|x64
		{691F887C-D28C-4564-A62B-4BC8285DDF63}.RebuildClientDebug|x86.ActiveCfg = Debug|x86
		{691F887C-D28C-4564-A62B-4BC8285DDF63}.RebuildClientDebug|x86.Build.0 = Debug|x86
		{691F887C-D28C-4564-A62B-4BC8285DDF63}.RebuildClientDebug|x86.Deploy.0 = Debug|x86
		{691F887C-D28C-4564-A62B-4BC8285DDF63}.RebuildClientRelease|Any CPU.ActiveCfg = Release|x64
		{691F887C-D28C-4564-A62B-4BC8285DDF63}.RebuildClientRelease|Any CPU.Build.0 = Release|x64
		{691F887C-D28C-4564-A62B-4BC8285DDF63}.RebuildClientRelease|Any CPU.Deploy.0 = Release|x64
		{691F887C-D28C-4564-A62B-4BC8285DDF63}.RebuildClientRelease|ARM.ActiveCfg = Release|ARM
		{691F887C-D28C-4564-A62B-4BC8285DDF63}.RebuildClientRelease|ARM.Build.0 = Release|ARM
		{691F887C-D28C-4564-A62B-4BC8285DDF63}.RebuildClientRelease|ARM.Deploy.0 = Release|ARM
		{691F887C-D28C-4564-A62B-4BC8285DDF63}.RebuildClientRelease|ARM64.ActiveCfg = Release|ARM64
		{691F887C-D28C-4564-A62B-4BC8285DDF63}.RebuildClientRelease|ARM64.Build.0 = Release|ARM64
		{691F887C-D28C-4564-A62B-4BC8285DDF63}.RebuildClientRelease|ARM64.Deploy.0 = Release|ARM64
		{691F887C-D28C-4564-A62B-4BC8285DDF63}.RebuildClientRelease|x64.ActiveCfg = Release|x64
		{691F887C-D28C-4564-A62B-4BC8285DDF63}.RebuildClientRelease|x64.Build.0 = Release|x64
		{691F887C-D28C-4564-A62B-4BC8285DDF63}.RebuildClientRelease|x64.Deploy.0 = Release|x64
		{691F887C-D28C-4564-A62B-4BC8285DDF63}.RebuildClientRelease|x86.ActiveCfg = Release|x86
		{691F887C-D28C-4564-A62B-4BC8285DDF63}.RebuildClientRelease|x86.Build.0 = Release|x86
		{691F887C-D28C-4564-A62B-4BC8285DDF63}.RebuildClientRelease|x86.Deploy.0 = Release|x86
		{691F887C-D28C-4564-A62B-4BC8285DDF63}.Release|Any CPU.ActiveCfg = Release|x86
		{691F887C-D28C-4564-A62B-4BC8285DDF63}.Release|ARM.ActiveCfg = Release|ARM
		{691F887C-D28C-4564-A62B-4BC8285DDF63}.Release|ARM.Build.0 = Release|ARM
		{691F887C-D28C-4564-A62B-4BC8285DDF63}.Release|ARM.Deploy.0 = Release|ARM
		{691F887C-D28C-4564-A62B-4BC8285DDF63}.Release|ARM64.ActiveCfg = Release|ARM64
		{691F887C-D28C-4564-A62B-4BC8285DDF63}.Release|ARM64.Build.0 = Release|ARM64
		{691F887C-D28C-4564-A62B-4BC8285DDF63}.Release|ARM64.Deploy.0 = Release|ARM64
		{691F887C-D28C-4564-A62B-4BC8285DDF63}.Release|x64.ActiveCfg = Release|x64
		{691F887C-D28C-4564-A62B-4BC8285DDF63}.Release|x64.Build.0 = Release|x64
		{691F887C-D28C-4564-A62B-4BC8285DDF63}.Release|x64.Deploy.0 = Release|x64
		{691F887C-D28C-4564-A62B-4BC8285DDF63}.Release|x86.ActiveCfg = Release|x86
		{691F887C-D28C-4564-A62B-4BC8285DDF63}.Release|x86.Build.0 = Release|x86
		{691F887C-D28C-4564-A62B-4BC8285DDF63}.Release|x86.Deploy.0 = Release|x86
	EndGlobalSection
	GlobalSection(SolutionProperties) = preSolution
		HideSolutionNode = FALSE
	EndGlobalSection
	GlobalSection(ExtensibilityGlobals) = postSolution
		SolutionGuid = {082A0F47-8A0E-4279-AA9B-3FA408614B37}
	EndGlobalSection
EndGlobal
