
Microsoft Visual Studio Solution File, Format Version 12.00
# Visual Studio Version 16
VisualStudioVersion = 16.0.29418.71
MinimumVisualStudioVersion = 10.0.40219.1
Project("{9A19103F-16F7-4668-BE54-9A1E7A4F7556}") = "GrowRoomEnvironment.Web", "Web\GrowRoomEnvironment.Web.csproj", "{E183157B-8B4F-498F-B8B9-DDD0655A3BC0}"
EndProject
Project("{9A19103F-16F7-4668-BE54-9A1E7A4F7556}") = "GrowRoomEnvironment.Core", "Core\GrowRoomEnvironment.Core.csproj", "{18ED0FDD-149B-466B-90DC-0CBC53CA9FA4}"
EndProject
Project("{9A19103F-16F7-4668-BE54-9A1E7A4F7556}") = "GrowRoomEnvironment.Contracts", "Contracts\GrowRoomEnvironment.Contracts.csproj", "{066A5EAA-9968-4E1D-800F-4244EE13E26B}"
EndProject
Project("{9A19103F-16F7-4668-BE54-9A1E7A4F7556}") = "GrowRoomEnvironment.DataAccess", "DataAccess\GrowRoomEnvironment.DataAccess.csproj", "{08FF5034-6F82-478D-9843-3195010BF419}"
EndProject
Project("{2150E333-8FDC-42A3-9474-1A3956D46DE8}") = "Solution Items", "Solution Items", "{A96DAE2C-0B70-49BC-BDB0-B4D105E7372F}"
	ProjectSection(SolutionItems) = preProject
		StartAngularServer.ps1 = StartAngularServer.ps1
	EndProjectSection
EndProject
Global
	GlobalSection(SolutionConfigurationPlatforms) = preSolution
		Debug|Any CPU = Debug|Any CPU
		Release|Any CPU = Release|Any CPU
	EndGlobalSection
	GlobalSection(ProjectConfigurationPlatforms) = postSolution
		{E183157B-8B4F-498F-B8B9-DDD0655A3BC0}.Debug|Any CPU.ActiveCfg = Debug|Any CPU
		{E183157B-8B4F-498F-B8B9-DDD0655A3BC0}.Debug|Any CPU.Build.0 = Debug|Any CPU
		{E183157B-8B4F-498F-B8B9-DDD0655A3BC0}.Release|Any CPU.ActiveCfg = Release|Any CPU
		{E183157B-8B4F-498F-B8B9-DDD0655A3BC0}.Release|Any CPU.Build.0 = Release|Any CPU
		{18ED0FDD-149B-466B-90DC-0CBC53CA9FA4}.Debug|Any CPU.ActiveCfg = Debug|Any CPU
		{18ED0FDD-149B-466B-90DC-0CBC53CA9FA4}.Debug|Any CPU.Build.0 = Debug|Any CPU
		{18ED0FDD-149B-466B-90DC-0CBC53CA9FA4}.Release|Any CPU.ActiveCfg = Release|Any CPU
		{18ED0FDD-149B-466B-90DC-0CBC53CA9FA4}.Release|Any CPU.Build.0 = Release|Any CPU
		{066A5EAA-9968-4E1D-800F-4244EE13E26B}.Debug|Any CPU.ActiveCfg = Debug|Any CPU
		{066A5EAA-9968-4E1D-800F-4244EE13E26B}.Debug|Any CPU.Build.0 = Debug|Any CPU
		{066A5EAA-9968-4E1D-800F-4244EE13E26B}.Release|Any CPU.ActiveCfg = Release|Any CPU
		{066A5EAA-9968-4E1D-800F-4244EE13E26B}.Release|Any CPU.Build.0 = Release|Any CPU
		{08FF5034-6F82-478D-9843-3195010BF419}.Debug|Any CPU.ActiveCfg = Debug|Any CPU
		{08FF5034-6F82-478D-9843-3195010BF419}.Debug|Any CPU.Build.0 = Debug|Any CPU
		{08FF5034-6F82-478D-9843-3195010BF419}.Release|Any CPU.ActiveCfg = Release|Any CPU
		{08FF5034-6F82-478D-9843-3195010BF419}.Release|Any CPU.Build.0 = Release|Any CPU
	EndGlobalSection
	GlobalSection(SolutionProperties) = preSolution
		HideSolutionNode = FALSE
	EndGlobalSection
	GlobalSection(ExtensibilityGlobals) = postSolution
		SolutionGuid = {082A0F47-8A0E-4279-AA9B-3FA408614B37}
	EndGlobalSection
EndGlobal
